// !$*UTF8*$!
{
	archiveVersion = 1;
	classes = {
	};
	objectVersion = 50;
	objects = {

/* Begin PBXBuildFile section */
		BE05CAFF25D8672B00432FED /* AppDelegate.swift in Sources */ = {isa = PBXBuildFile; fileRef = BE05CAFE25D8672B00432FED /* AppDelegate.swift */; };
		BE05CB0125D8672B00432FED /* SceneDelegate.swift in Sources */ = {isa = PBXBuildFile; fileRef = BE05CB0025D8672B00432FED /* SceneDelegate.swift */; };
		BE05CB0625D8672B00432FED /* Main.storyboard in Resources */ = {isa = PBXBuildFile; fileRef = BE05CB0425D8672B00432FED /* Main.storyboard */; };
		BE05CB0825D8673300432FED /* Assets.xcassets in Resources */ = {isa = PBXBuildFile; fileRef = BE05CB0725D8673300432FED /* Assets.xcassets */; };
		BE05CB0B25D8673300432FED /* LaunchScreen.storyboard in Resources */ = {isa = PBXBuildFile; fileRef = BE05CB0925D8673300432FED /* LaunchScreen.storyboard */; };
		BE60106125D8C6E3005BD327 /* LoginViewController.swift in Sources */ = {isa = PBXBuildFile; fileRef = BE60106025D8C6E3005BD327 /* LoginViewController.swift */; };
		BE60106325D8C70A005BD327 /* HomeViewController.swift in Sources */ = {isa = PBXBuildFile; fileRef = BE60106225D8C70A005BD327 /* HomeViewController.swift */; };
		BE60106525D8C72C005BD327 /* ImageSelectViewController.swift in Sources */ = {isa = PBXBuildFile; fileRef = BE60106425D8C72C005BD327 /* ImageSelectViewController.swift */; };
		BE60106725D8C749005BD327 /* PostViewController.swift in Sources */ = {isa = PBXBuildFile; fileRef = BE60106625D8C749005BD327 /* PostViewController.swift */; };
		BE60106925D8C775005BD327 /* SettingViewController.swift in Sources */ = {isa = PBXBuildFile; fileRef = BE60106825D8C775005BD327 /* SettingViewController.swift */; };
		BE82BAA725D9FF3600A15C18 /* TabBarController.swift in Sources */ = {isa = PBXBuildFile; fileRef = BE82BAA625D9FF3600A15C18 /* TabBarController.swift */; };
		BE82BAA925DA196900A15C18 /* GoogleService-Info.plist in Resources */ = {isa = PBXBuildFile; fileRef = BE82BAA825DA196800A15C18 /* GoogleService-Info.plist */; };
		FF5537E6C44A4FD9755F2E71 /* Pods_Instagram.framework in Frameworks */ = {isa = PBXBuildFile; fileRef = 9C684EF45B70F45801E01AD6 /* Pods_Instagram.framework */; };
/* End PBXBuildFile section */

/* Begin PBXFileReference section */
		2C3A25211DF1F08B504AE5F4 /* Pods-Instagram.debug.xcconfig */ = {isa = PBXFileReference; includeInIndex = 1; lastKnownFileType = text.xcconfig; name = "Pods-Instagram.debug.xcconfig"; path = "Target Support Files/Pods-Instagram/Pods-Instagram.debug.xcconfig"; sourceTree = "<group>"; };
		7D7C96658BE0327BEFCEB01B /* Pods-Instagram.release.xcconfig */ = {isa = PBXFileReference; includeInIndex = 1; lastKnownFileType = text.xcconfig; name = "Pods-Instagram.release.xcconfig"; path = "Target Support Files/Pods-Instagram/Pods-Instagram.release.xcconfig"; sourceTree = "<group>"; };
		9C684EF45B70F45801E01AD6 /* Pods_Instagram.framework */ = {isa = PBXFileReference; explicitFileType = wrapper.framework; includeInIndex = 0; path = Pods_Instagram.framework; sourceTree = BUILT_PRODUCTS_DIR; };
		BE05CAFB25D8672B00432FED /* Instagram.app */ = {isa = PBXFileReference; explicitFileType = wrapper.application; includeInIndex = 0; path = Instagram.app; sourceTree = BUILT_PRODUCTS_DIR; };
		BE05CAFE25D8672B00432FED /* AppDelegate.swift */ = {isa = PBXFileReference; lastKnownFileType = sourcecode.swift; path = AppDelegate.swift; sourceTree = "<group>"; };
		BE05CB0025D8672B00432FED /* SceneDelegate.swift */ = {isa = PBXFileReference; lastKnownFileType = sourcecode.swift; path = SceneDelegate.swift; sourceTree = "<group>"; };
		BE05CB0525D8672B00432FED /* Base */ = {isa = PBXFileReference; lastKnownFileType = file.storyboard; name = Base; path = Base.lproj/Main.storyboard; sourceTree = "<group>"; };
		BE05CB0725D8673300432FED /* Assets.xcassets */ = {isa = PBXFileReference; lastKnownFileType = folder.assetcatalog; path = Assets.xcassets; sourceTree = "<group>"; };
		BE05CB0A25D8673300432FED /* Base */ = {isa = PBXFileReference; lastKnownFileType = file.storyboard; name = Base; path = Base.lproj/LaunchScreen.storyboard; sourceTree = "<group>"; };
		BE05CB0C25D8673300432FED /* Info.plist */ = {isa = PBXFileReference; lastKnownFileType = text.plist.xml; path = Info.plist; sourceTree = "<group>"; };
		BE60106025D8C6E3005BD327 /* LoginViewController.swift */ = {isa = PBXFileReference; lastKnownFileType = sourcecode.swift; path = LoginViewController.swift; sourceTree = "<group>"; };
		BE60106225D8C70A005BD327 /* HomeViewController.swift */ = {isa = PBXFileReference; lastKnownFileType = sourcecode.swift; path = HomeViewController.swift; sourceTree = "<group>"; };
		BE60106425D8C72C005BD327 /* ImageSelectViewController.swift */ = {isa = PBXFileReference; lastKnownFileType = sourcecode.swift; path = ImageSelectViewController.swift; sourceTree = "<group>"; };
		BE60106625D8C749005BD327 /* PostViewController.swift */ = {isa = PBXFileReference; lastKnownFileType = sourcecode.swift; path = PostViewController.swift; sourceTree = "<group>"; };
		BE60106825D8C775005BD327 /* SettingViewController.swift */ = {isa = PBXFileReference; lastKnownFileType = sourcecode.swift; path = SettingViewController.swift; sourceTree = "<group>"; };
		BE82BAA625D9FF3600A15C18 /* TabBarController.swift */ = {isa = PBXFileReference; lastKnownFileType = sourcecode.swift; path = TabBarController.swift; sourceTree = "<group>"; };
		BE82BAA825DA196800A15C18 /* GoogleService-Info.plist */ = {isa = PBXFileReference; fileEncoding = 4; lastKnownFileType = text.plist.xml; path = "GoogleService-Info.plist"; sourceTree = "<group>"; };
/* End PBXFileReference section */

/* Begin PBXFrameworksBuildPhase section */
		BE05CAF825D8672B00432FED /* Frameworks */ = {
			isa = PBXFrameworksBuildPhase;
			buildActionMask = 2147483647;
			files = (
				FF5537E6C44A4FD9755F2E71 /* Pods_Instagram.framework in Frameworks */,
			);
			runOnlyForDeploymentPostprocessing = 0;
		};
/* End PBXFrameworksBuildPhase section */

/* Begin PBXGroup section */
		2F9B336AD759764AC52E1F70 /* Frameworks */ = {
			isa = PBXGroup;
			children = (
				9C684EF45B70F45801E01AD6 /* Pods_Instagram.framework */,
			);
			name = Frameworks;
			sourceTree = "<group>";
		};
		64ACEA6311007EE0EA2A9C09 /* Pods */ = {
			isa = PBXGroup;
			children = (
				2C3A25211DF1F08B504AE5F4 /* Pods-Instagram.debug.xcconfig */,
				7D7C96658BE0327BEFCEB01B /* Pods-Instagram.release.xcconfig */,
			);
			name = Pods;
			path = Pods;
			sourceTree = "<group>";
		};
		BE05CAF225D8672B00432FED = {
			isa = PBXGroup;
			children = (
				BE05CAFD25D8672B00432FED /* Instagram */,
				BE05CAFC25D8672B00432FED /* Products */,
				64ACEA6311007EE0EA2A9C09 /* Pods */,
				2F9B336AD759764AC52E1F70 /* Frameworks */,
			);
			sourceTree = "<group>";
		};
		BE05CAFC25D8672B00432FED /* Products */ = {
			isa = PBXGroup;
			children = (
				BE05CAFB25D8672B00432FED /* Instagram.app */,
			);
			name = Products;
			sourceTree = "<group>";
		};
		BE05CAFD25D8672B00432FED /* Instagram */ = {
			isa = PBXGroup;
			children = (
				BE05CAFE25D8672B00432FED /* AppDelegate.swift */,
				BE05CB0025D8672B00432FED /* SceneDelegate.swift */,
				BE60106025D8C6E3005BD327 /* LoginViewController.swift */,
				BE60106225D8C70A005BD327 /* HomeViewController.swift */,
				BE60106425D8C72C005BD327 /* ImageSelectViewController.swift */,
				BE60106625D8C749005BD327 /* PostViewController.swift */,
				BE60106825D8C775005BD327 /* SettingViewController.swift */,
				BE82BAA625D9FF3600A15C18 /* TabBarController.swift */,
				BE05CB0425D8672B00432FED /* Main.storyboard */,
				BE05CB0725D8673300432FED /* Assets.xcassets */,
				BE05CB0925D8673300432FED /* LaunchScreen.storyboard */,
				BE05CB0C25D8673300432FED /* Info.plist */,
				BE82BAA825DA196800A15C18 /* GoogleService-Info.plist */,
			);
			path = Instagram;
			sourceTree = "<group>";
		};
/* End PBXGroup section */

/* Begin PBXNativeTarget section */
		BE05CAFA25D8672B00432FED /* Instagram */ = {
			isa = PBXNativeTarget;
			buildConfigurationList = BE05CB0F25D8673300432FED /* Build configuration list for PBXNativeTarget "Instagram" */;
			buildPhases = (
				01C28E59F04F26FACEDD0A87 /* [CP] Check Pods Manifest.lock */,
				BE05CAF725D8672B00432FED /* Sources */,
				BE05CAF825D8672B00432FED /* Frameworks */,
				BE05CAF925D8672B00432FED /* Resources */,
				BD37C9833B1858E24280A5D1 /* [CP] Embed Pods Frameworks */,
			);
			buildRules = (
			);
			dependencies = (
			);
			name = Instagram;
			productName = Instagram;
			productReference = BE05CAFB25D8672B00432FED /* Instagram.app */;
			productType = "com.apple.product-type.application";
		};
/* End PBXNativeTarget section */

/* Begin PBXProject section */
		BE05CAF325D8672B00432FED /* Project object */ = {
			isa = PBXProject;
			attributes = {
				LastSwiftUpdateCheck = 1150;
				LastUpgradeCheck = 1150;
				ORGANIZATIONNAME = kotaro.asakawa;
				TargetAttributes = {
					BE05CAFA25D8672B00432FED = {
						CreatedOnToolsVersion = 11.5;
					};
				};
			};
			buildConfigurationList = BE05CAF625D8672B00432FED /* Build configuration list for PBXProject "Instagram" */;
			compatibilityVersion = "Xcode 9.3";
			developmentRegion = en;
			hasScannedForEncodings = 0;
			knownRegions = (
				en,
				Base,
			);
			mainGroup = BE05CAF225D8672B00432FED;
			productRefGroup = BE05CAFC25D8672B00432FED /* Products */;
			projectDirPath = "";
			projectRoot = "";
			targets = (
				BE05CAFA25D8672B00432FED /* Instagram */,
			);
		};
/* End PBXProject section */

/* Begin PBXResourcesBuildPhase section */
		BE05CAF925D8672B00432FED /* Resources */ = {
			isa = PBXResourcesBuildPhase;
			buildActionMask = 2147483647;
			files = (
				BE05CB0B25D8673300432FED /* LaunchScreen.storyboard in Resources */,
				BE82BAA925DA196900A15C18 /* GoogleService-Info.plist in Resources */,
				BE05CB0825D8673300432FED /* Assets.xcassets in Resources */,
				BE05CB0625D8672B00432FED /* Main.storyboard in Resources */,
			);
			runOnlyForDeploymentPostprocessing = 0;
		};
/* End PBXResourcesBuildPhase section */

/* Begin PBXShellScriptBuildPhase section */
		01C28E59F04F26FACEDD0A87 /* [CP] Check Pods Manifest.lock */ = {
			isa = PBXShellScriptBuildPhase;
			buildActionMask = 2147483647;
			files = (
			);
			inputFileListPaths = (
			);
			inputPaths = (
				"${PODS_PODFILE_DIR_PATH}/Podfile.lock",
				"${PODS_ROOT}/Manifest.lock",
			);
			name = "[CP] Check Pods Manifest.lock";
			outputFileListPaths = (
			);
			outputPaths = (
				"$(DERIVED_FILE_DIR)/Pods-Instagram-checkManifestLockResult.txt",
			);
			runOnlyForDeploymentPostprocessing = 0;
			shellPath = /bin/sh;
			shellScript = "diff \"${PODS_PODFILE_DIR_PATH}/Podfile.lock\" \"${PODS_ROOT}/Manifest.lock\" > /dev/null\nif [ $? != 0 ] ; then\n    # print error to STDERR\n    echo \"error: The sandbox is not in sync with the Podfile.lock. Run 'pod install' or update your CocoaPods installation.\" >&2\n    exit 1\nfi\n# This output is used by Xcode 'outputs' to avoid re-running this script phase.\necho \"SUCCESS\" > \"${SCRIPT_OUTPUT_FILE_0}\"\n";
			showEnvVarsInLog = 0;
		};
		BD37C9833B1858E24280A5D1 /* [CP] Embed Pods Frameworks */ = {
			isa = PBXShellScriptBuildPhase;
			buildActionMask = 2147483647;
			files = (
			);
			inputFileListPaths = (
				"${PODS_ROOT}/Target Support Files/Pods-Instagram/Pods-Instagram-frameworks-${CONFIGURATION}-input-files.xcfilelist",
			);
			name = "[CP] Embed Pods Frameworks";
			outputFileListPaths = (
				"${PODS_ROOT}/Target Support Files/Pods-Instagram/Pods-Instagram-frameworks-${CONFIGURATION}-output-files.xcfilelist",
			);
			runOnlyForDeploymentPostprocessing = 0;
			shellPath = /bin/sh;
			shellScript = "\"${PODS_ROOT}/Target Support Files/Pods-Instagram/Pods-Instagram-frameworks.sh\"\n";
			showEnvVarsInLog = 0;
		};
/* End PBXShellScriptBuildPhase section */

/* Begin PBXSourcesBuildPhase section */
		BE05CAF725D8672B00432FED /* Sources */ = {
			isa = PBXSourcesBuildPhase;
			buildActionMask = 2147483647;
			files = (
				BE60106525D8C72C005BD327 /* ImageSelectViewController.swift in Sources */,
				BE82BAA725D9FF3600A15C18 /* TabBarController.swift in Sources */,
				BE60106325D8C70A005BD327 /* HomeViewController.swift in Sources */,
				BE60106725D8C749005BD327 /* PostViewController.swift in Sources */,
				BE60106925D8C775005BD327 /* SettingViewController.swift in Sources */,
				BE60106125D8C6E3005BD327 /* LoginViewController.swift in Sources */,
				BE05CAFF25D8672B00432FED /* AppDelegate.swift in Sources */,
				BE05CB0125D8672B00432FED /* SceneDelegate.swift in Sources */,
			);
			runOnlyForDeploymentPostprocessing = 0;
		};
/* End PBXSourcesBuildPhase section */

/* Begin PBXVariantGroup section */
		BE05CB0425D8672B00432FED /* Main.storyboard */ = {
			isa = PBXVariantGroup;
			children = (
				BE05CB0525D8672B00432FED /* Base */,
			);
			name = Main.storyboard;
			sourceTree = "<group>";
		};
		BE05CB0925D8673300432FED /* LaunchScreen.storyboard */ = {
			isa = PBXVariantGroup;
			children = (
				BE05CB0A25D8673300432FED /* Base */,
			);
			name = LaunchScreen.storyboard;
			sourceTree = "<group>";
		};
/* End PBXVariantGroup section */

/* Begin XCBuildConfiguration section */
		BE05CB0D25D8673300432FED /* Debug */ = {
			isa = XCBuildConfiguration;
			buildSettings = {
				ALWAYS_SEARCH_USER_PATHS = NO;
				CLANG_ANALYZER_NONNULL = YES;
				CLANG_ANALYZER_NUMBER_OBJECT_CONVERSION = YES_AGGRESSIVE;
				CLANG_CXX_LANGUAGE_STANDARD = "gnu++14";
				CLANG_CXX_LIBRARY = "libc++";
				CLANG_ENABLE_MODULES = YES;
				CLANG_ENABLE_OBJC_ARC = YES;
				CLANG_ENABLE_OBJC_WEAK = YES;
				CLANG_WARN_BLOCK_CAPTURE_AUTORELEASING = YES;
				CLANG_WARN_BOOL_CONVERSION = YES;
				CLANG_WARN_COMMA = YES;
				CLANG_WARN_CONSTANT_CONVERSION = YES;
				CLANG_WARN_DEPRECATED_OBJC_IMPLEMENTATIONS = YES;
				CLANG_WARN_DIRECT_OBJC_ISA_USAGE = YES_ERROR;
				CLANG_WARN_DOCUMENTATION_COMMENTS = YES;
				CLANG_WARN_EMPTY_BODY = YES;
				CLANG_WARN_ENUM_CONVERSION = YES;
				CLANG_WARN_INFINITE_RECURSION = YES;
				CLANG_WARN_INT_CONVERSION = YES;
				CLANG_WARN_NON_LITERAL_NULL_CONVERSION = YES;
				CLANG_WARN_OBJC_IMPLICIT_RETAIN_SELF = YES;
				CLANG_WARN_OBJC_LITERAL_CONVERSION = YES;
				CLANG_WARN_OBJC_ROOT_CLASS = YES_ERROR;
				CLANG_WARN_RANGE_LOOP_ANALYSIS = YES;
				CLANG_WARN_STRICT_PROTOTYPES = YES;
				CLANG_WARN_SUSPICIOUS_MOVE = YES;
				CLANG_WARN_UNGUARDED_AVAILABILITY = YES_AGGRESSIVE;
				CLANG_WARN_UNREACHABLE_CODE = YES;
				CLANG_WARN__DUPLICATE_METHOD_MATCH = YES;
				COPY_PHASE_STRIP = NO;
				DEBUG_INFORMATION_FORMAT = dwarf;
				ENABLE_STRICT_OBJC_MSGSEND = YES;
				ENABLE_TESTABILITY = YES;
				GCC_C_LANGUAGE_STANDARD = gnu11;
				GCC_DYNAMIC_NO_PIC = NO;
				GCC_NO_COMMON_BLOCKS = YES;
				GCC_OPTIMIZATION_LEVEL = 0;
				GCC_PREPROCESSOR_DEFINITIONS = (
					"DEBUG=1",
					"$(inherited)",
				);
				GCC_WARN_64_TO_32_BIT_CONVERSION = YES;
				GCC_WARN_ABOUT_RETURN_TYPE = YES_ERROR;
				GCC_WARN_UNDECLARED_SELECTOR = YES;
				GCC_WARN_UNINITIALIZED_AUTOS = YES_AGGRESSIVE;
				GCC_WARN_UNUSED_FUNCTION = YES;
				GCC_WARN_UNUSED_VARIABLE = YES;
				IPHONEOS_DEPLOYMENT_TARGET = 13.5;
				MTL_ENABLE_DEBUG_INFO = INCLUDE_SOURCE;
				MTL_FAST_MATH = YES;
				ONLY_ACTIVE_ARCH = YES;
				SDKROOT = iphoneos;
				SWIFT_ACTIVE_COMPILATION_CONDITIONS = DEBUG;
				SWIFT_OPTIMIZATION_LEVEL = "-Onone";
			};
			name = Debug;
		};
		BE05CB0E25D8673300432FED /* Release */ = {
			isa = XCBuildConfiguration;
			buildSettings = {
				ALWAYS_SEARCH_USER_PATHS = NO;
				CLANG_ANALYZER_NONNULL = YES;
				CLANG_ANALYZER_NUMBER_OBJECT_CONVERSION = YES_AGGRESSIVE;
				CLANG_CXX_LANGUAGE_STANDARD = "gnu++14";
				CLANG_CXX_LIBRARY = "libc++";
				CLANG_ENABLE_MODULES = YES;
				CLANG_ENABLE_OBJC_ARC = YES;
				CLANG_ENABLE_OBJC_WEAK = YES;
				CLANG_WARN_BLOCK_CAPTURE_AUTORELEASING = YES;
				CLANG_WARN_BOOL_CONVERSION = YES;
				CLANG_WARN_COMMA = YES;
				CLANG_WARN_CONSTANT_CONVERSION = YES;
				CLANG_WARN_DEPRECATED_OBJC_IMPLEMENTATIONS = YES;
				CLANG_WARN_DIRECT_OBJC_ISA_USAGE = YES_ERROR;
				CLANG_WARN_DOCUMENTATION_COMMENTS = YES;
				CLANG_WARN_EMPTY_BODY = YES;
				CLANG_WARN_ENUM_CONVERSION = YES;
				CLANG_WARN_INFINITE_RECURSION = YES;
				CLANG_WARN_INT_CONVERSION = YES;
				CLANG_WARN_NON_LITERAL_NULL_CONVERSION = YES;
				CLANG_WARN_OBJC_IMPLICIT_RETAIN_SELF = YES;
				CLANG_WARN_OBJC_LITERAL_CONVERSION = YES;
				CLANG_WARN_OBJC_ROOT_CLASS = YES_ERROR;
				CLANG_WARN_RANGE_LOOP_ANALYSIS = YES;
				CLANG_WARN_STRICT_PROTOTYPES = YES;
				CLANG_WARN_SUSPICIOUS_MOVE = YES;
				CLANG_WARN_UNGUARDED_AVAILABILITY = YES_AGGRESSIVE;
				CLANG_WARN_UNREACHABLE_CODE = YES;
				CLANG_WARN__DUPLICATE_METHOD_MATCH = YES;
				COPY_PHASE_STRIP = NO;
				DEBUG_INFORMATION_FORMAT = "dwarf-with-dsym";
				ENABLE_NS_ASSERTIONS = NO;
				ENABLE_STRICT_OBJC_MSGSEND = YES;
				GCC_C_LANGUAGE_STANDARD = gnu11;
				GCC_NO_COMMON_BLOCKS = YES;
				GCC_WARN_64_TO_32_BIT_CONVERSION = YES;
				GCC_WARN_ABOUT_RETURN_TYPE = YES_ERROR;
				GCC_WARN_UNDECLARED_SELECTOR = YES;
				GCC_WARN_UNINITIALIZED_AUTOS = YES_AGGRESSIVE;
				GCC_WARN_UNUSED_FUNCTION = YES;
				GCC_WARN_UNUSED_VARIABLE = YES;
				IPHONEOS_DEPLOYMENT_TARGET = 13.5;
				MTL_ENABLE_DEBUG_INFO = NO;
				MTL_FAST_MATH = YES;
				SDKROOT = iphoneos;
				SWIFT_COMPILATION_MODE = wholemodule;
				SWIFT_OPTIMIZATION_LEVEL = "-O";
				VALIDATE_PRODUCT = YES;
			};
			name = Release;
		};
		BE05CB1025D8673300432FED /* Debug */ = {
			isa = XCBuildConfiguration;
			baseConfigurationReference = 2C3A25211DF1F08B504AE5F4 /* Pods-Instagram.debug.xcconfig */;
			buildSettings = {
				ASSETCATALOG_COMPILER_APPICON_NAME = AppIcon;
				CODE_SIGN_STYLE = Automatic;
				DEVELOPMENT_TEAM = V3TNQJ387M;
				INFOPLIST_FILE = Instagram/Info.plist;
				LD_RUNPATH_SEARCH_PATHS = (
					"$(inherited)",
					"@executable_path/Frameworks",
				);
				PRODUCT_BUNDLE_IDENTIFIER = jp.techacademy.kotaro.asakawa.Instagram;
				PRODUCT_NAME = "$(TARGET_NAME)";
				SWIFT_VERSION = 5.0;
				TARGETED_DEVICE_FAMILY = "1,2";
			};
			name = Debug;
		};
		BE05CB1125D8673300432FED /* Release */ = {
			isa = XCBuildConfiguration;
			baseConfigurationReference = 7D7C96658BE0327BEFCEB01B /* Pods-Instagram.release.xcconfig */;
			buildSettings = {
				ASSETCATALOG_COMPILER_APPICON_NAME = AppIcon;
				CODE_SIGN_STYLE = Automatic;
				DEVELOPMENT_TEAM = V3TNQJ387M;
				INFOPLIST_FILE = Instagram/Info.plist;
				LD_RUNPATH_SEARCH_PATHS = (
					"$(inherited)",
					"@executable_path/Frameworks",
				);
				PRODUCT_BUNDLE_IDENTIFIER = jp.techacademy.kotaro.asakawa.Instagram;
				PRODUCT_NAME = "$(TARGET_NAME)";
				SWIFT_VERSION = 5.0;
				TARGETED_DEVICE_FAMILY = "1,2";
			};
			name = Release;
		};
/* End XCBuildConfiguration section */

/* Begin XCConfigurationList section */
		BE05CAF625D8672B00432FED /* Build configuration list for PBXProject "Instagram" */ = {
			isa = XCConfigurationList;
			buildConfigurations = (
				BE05CB0D25D8673300432FED /* Debug */,
				BE05CB0E25D8673300432FED /* Release */,
			);
			defaultConfigurationIsVisible = 0;
			defaultConfigurationName = Release;
		};
		BE05CB0F25D8673300432FED /* Build configuration list for PBXNativeTarget "Instagram" */ = {
			isa = XCConfigurationList;
			buildConfigurations = (
				BE05CB1025D8673300432FED /* Debug */,
				BE05CB1125D8673300432FED /* Release */,
			);
			defaultConfigurationIsVisible = 0;
			defaultConfigurationName = Release;
		};
/* End XCConfigurationList section */
	};
	rootObject = BE05CAF325D8672B00432FED /* Project object */;
}
